
Microsoft Visual Studio Solution File, Format Version 12.00
# Visual Studio 15
Project("{FAE04EC0-301F-11D3-BF4B-00C04F79EFBC}") = "Api", "Api.csproj", "{760CB650-A9AF-43DC-81F0-AB251D18244F}"
EndProject
Global
	GlobalSection(SolutionConfigurationPlatforms) = preSolution
		Debug|Any CPU = Debug|Any CPU
		Release|Any CPU = Release|Any CPU
	EndGlobalSection
	GlobalSection(ProjectConfigurationPlatforms) = postSolution
		{760CB650-A9AF-43DC-81F0-AB251D18244F}.Debug|Any CPU.ActiveCfg = Debug|Any CPU
		{760CB650-A9AF-43DC-81F0-AB251D18244F}.Debug|Any CPU.Build.0 = Debug|Any CPU
		{760CB650-A9AF-43DC-81F0-AB251D18244F}.Release|Any CPU.ActiveCfg = Release|Any CPU
		{760CB650-A9AF-43DC-81F0-AB251D18244F}.Release|Any CPU.Build.0 = Release|Any CPU
	EndGlobalSection
EndGlobal
